<?xml version="1.0" encoding="utf-8"?>
<Project ToolsVersion="4.0" xmlns="http://schemas.microsoft.com/developer/msbuild/2003">
  <ItemGroup>
    <Filter Include="Assests">
      <UniqueIdentifier>{67DA6AB6-F800-4c08-8B7A-83BB121AAD01}</UniqueIdentifier>
      <Extensions>rc;ico;cur;bmp;dlg;rc2;rct;bin;rgs;gif;jpg;jpeg;jpe;resx;tiff;tif;png;wav;mfcribbon-ms</Extensions>
    </Filter>
    <Filter Include="Source">
      <UniqueIdentifier>{4FC737F1-C7A5-4376-A066-2A32D752A2FF}</UniqueIdentifier>
      <Extensions>cpp;c;cc;cxx;c++;cppm;ixx;def;odl;idl;hpj;bat;asm;asmx</Extensions>
    </Filter>
    <Filter Include="Header">
      <UniqueIdentifier>{93995380-89BD-4b04-88EB-625FBE52EBFB}</UniqueIdentifier>
      <Extensions>h;hh;hpp;hxx;h++;hm;inl;inc;ipp;xsd</Extensions>
    </Filter>
  </ItemGroup>
  <ItemGroup>
    <ClCompile Include="src\1.cpp">
      <Filter>Source</Filter>
    </ClCompile>
    <ClCompile Include="src\glad.c">
      <Filter>Source</Filter>
    </ClCompile>
    <ClCompile Include="src\shader.cpp">
      <Filter>Source</Filter>
    </ClCompile>
    <ClCompile Include="src\2.cpp">
      <Filter>Source</Filter>
    </ClCompile>
    <ClCompile Include="src\3.cpp">
      <Filter>Source</Filter>
    </ClCompile>
    <ClCompile Include="src\Mesh\Mesh.cpp">
      <Filter>Source</Filter>
    </ClCompile>
    <ClCompile Include="src\Mesh\Model.cpp">
      <Filter>Source</Filter>
    </ClCompile>
    <ClCompile Include="src\Light.cpp">
      <Filter>Source</Filter>
    </ClCompile>
    <ClCompile Include="src\4.cpp">
      <Filter>Source</Filter>
    </ClCompile>
    <ClCompile Include="5.cpp">
      <Filter>Source</Filter>
    </ClCompile>
  </ItemGroup>
  <ItemGroup>
    <None Include="shader\3.3.shader.vs">
      <Filter>Assests</Filter>
    </None>
    <None Include="shader\3.3.shader.fs">
      <Filter>Assests</Filter>
    </None>
    <None Include="shader\4.1.texture.vs">
      <Filter>Assests</Filter>
    </None>
    <None Include="shader\4.1.texture.fs">
      <Filter>Assests</Filter>
    </None>
    <None Include="shader\7.3.camera.vs">
      <Filter>Assests</Filter>
    </None>
    <None Include="shader\7.3.camera.fs">
      <Filter>Assests</Filter>
    </None>
    <None Include="shader\8.light.vs">
      <Filter>Assests</Filter>
    </None>
    <None Include="shader\8.light.fs">
      <Filter>Assests</Filter>
    </None>
    <None Include="shader\8.whiteLight.fs">
      <Filter>Assests</Filter>
    </None>
    <None Include="shader\lalala.glsl">
      <Filter>Assests</Filter>
    </None>
    <None Include="shader\1.model_loading.vs">
      <Filter>Assests</Filter>
    </None>
    <None Include="shader\1.model_loading.fs">
      <Filter>Assests</Filter>
    </None>
    <None Include="shader\bugatti.fs">
      <Filter>Assests</Filter>
    </None>
    <None Include="shader\10.2.instancing.vs">
      <Filter>Assests</Filter>
    </None>
    <None Include="shader\10.2.instancing.fs">
      <Filter>Assests</Filter>
    </None>
    <None Include="shader\10.3.asteroids.vs">
      <Filter>Assests</Filter>
    </None>
    <None Include="shader\10.3.asteroids.fs">
      <Filter>Assests</Filter>
    </None>
    <None Include="shader\1.advanced_lighting.vs">
      <Filter>Assests</Filter>
    </None>
    <None Include="shader\1.advanced_lighting.fs">
      <Filter>Assests</Filter>
    </None>
    <None Include="shader\2.gamma_correction.fs">
      <Filter>Assests</Filter>
    </None>
  </ItemGroup>
  <ItemGroup>
    <ClInclude Include="include\shader.h">
      <Filter>Header</Filter>
    </ClInclude>
    <ClInclude Include="include\stb_image.h">
      <Filter>Header</Filter>
    </ClInclude>
    <ClInclude Include="include\camera.h">
      <Filter>Header</Filter>
    </ClInclude>
    <ClInclude Include="include\Mesh\Mesh.h">
      <Filter>Header</Filter>
    </ClInclude>
    <ClInclude Include="include\Mesh\Model.h">
      <Filter>Header</Filter>
    </ClInclude>
    <ClInclude Include="include\Light.h">
      <Filter>Header</Filter>
    </ClInclude>
    <ClInclude Include="include\Materials.h">
      <Filter>Header</Filter>
    </ClInclude>
    <ClInclude Include="include\InputControl.h">
      <Filter>Header</Filter>
    </ClInclude>
  </ItemGroup>
</Project>